
Microsoft Visual Studio Solution File, Format Version 12.00
# Visual Studio Version 17
VisualStudioVersion = 17.0.32014.148
MinimumVisualStudioVersion = 10.0.40219.1
Project("{FAE04EC0-301F-11D3-BF4B-00C04F79EFBC}") = "PhotoSlideshowHC2019", "PhotoSlideshowHC2019\PhotoSlideshowHC2019.csproj", "{F1D0C428-751E-44B0-B52E-79571E8CC7BA}"
EndProject
Global
	GlobalSection(SolutionConfigurationPlatforms) = preSolution
		Debug|Any CPU = Debug|Any CPU
		Release|Any CPU = Release|Any CPU
	EndGlobalSection
	GlobalSection(ProjectConfigurationPlatforms) = postSolution
		{F1D0C428-751E-44B0-B52E-79571E8CC7BA}.Debug|Any CPU.ActiveCfg = Debug|Any CPU
		{F1D0C428-751E-44B0-B52E-79571E8CC7BA}.Debug|Any CPU.Build.0 = Debug|Any CPU
		{F1D0C428-751E-44B0-B52E-79571E8CC7BA}.Release|Any CPU.ActiveCfg = Release|Any CPU
		{F1D0C428-751E-44B0-B52E-79571E8CC7BA}.Release|Any CPU.Build.0 = Release|Any CPU
	EndGlobalSection
	GlobalSection(SolutionProperties) = preSolution
		HideSolutionNode = FALSE
	EndGlobalSection
	GlobalSection(ExtensibilityGlobals) = postSolution
		SolutionGuid = {CDEE75D0-5255-4E08-904C-F683CCD8E4BB}
	EndGlobalSection
EndGlobal
